
Microsoft Visual Studio Solution File, Format Version 12.00
# Visual Studio Version 16
VisualStudioVersion = 16.0.31911.196
MinimumVisualStudioVersion = 10.0.40219.1
Project("{FAE04EC0-301F-11D3-BF4B-00C04F79EFBC}") = "Circle", "Circle.csproj", "{9E307E3D-D007-4876-A1E2-4891334BF08F}"
EndProject
Global
	GlobalSection(SolutionConfigurationPlatforms) = preSolution
		Debug|Any CPU = Debug|Any CPU
		Release|Any CPU = Release|Any CPU
	EndGlobalSection
	GlobalSection(ProjectConfigurationPlatforms) = postSolution
		{9E307E3D-D007-4876-A1E2-4891334BF08F}.Debug|Any CPU.ActiveCfg = Debug|Any CPU
		{9E307E3D-D007-4876-A1E2-4891334BF08F}.Debug|Any CPU.Build.0 = Debug|Any CPU
		{9E307E3D-D007-4876-A1E2-4891334BF08F}.Release|Any CPU.ActiveCfg = Release|Any CPU
		{9E307E3D-D007-4876-A1E2-4891334BF08F}.Release|Any CPU.Build.0 = Release|Any CPU
	EndGlobalSection
	GlobalSection(SolutionProperties) = preSolution
		HideSolutionNode = FALSE
	EndGlobalSection
	GlobalSection(ExtensibilityGlobals) = postSolution
		SolutionGuid = {00082940-4F3A-4E48-80D3-C528609A2B00}
	EndGlobalSection
EndGlobal
